
Microsoft Visual Studio Solution File, Format Version 12.00
# Visual Studio 14
VisualStudioVersion = 14.0.22512.0
MinimumVisualStudioVersion = 10.0.40219.1
Project("{FAE04EC0-301F-11D3-BF4B-00C04F79EFBC}") = "Band", "Band\Band.csproj", "{6E2CF872-C2CE-4C35-9E6C-7A3609DFC3CE}"
EndProject
Project("{FAE04EC0-301F-11D3-BF4B-00C04F79EFBC}") = "Band.Data", "Band.Data\Band.Data.csproj", "{E0FD5119-022A-4C84-B731-8B1B3D7FA720}"
EndProject
Project("{FAE04EC0-301F-11D3-BF4B-00C04F79EFBC}") = "Band.Data.Model", "Band.Data.Model\Band.Data.Model.csproj", "{339613D5-5E63-4E99-9DA2-D2F841BAB4C3}"
EndProject
Global
	GlobalSection(SolutionConfigurationPlatforms) = preSolution
		Debug|Any CPU = Debug|Any CPU
		Release|Any CPU = Release|Any CPU
	EndGlobalSection
	GlobalSection(ProjectConfigurationPlatforms) = postSolution
		{6E2CF872-C2CE-4C35-9E6C-7A3609DFC3CE}.Debug|Any CPU.ActiveCfg = Debug|Any CPU
		{6E2CF872-C2CE-4C35-9E6C-7A3609DFC3CE}.Debug|Any CPU.Build.0 = Debug|Any CPU
		{6E2CF872-C2CE-4C35-9E6C-7A3609DFC3CE}.Release|Any CPU.ActiveCfg = Release|Any CPU
		{6E2CF872-C2CE-4C35-9E6C-7A3609DFC3CE}.Release|Any CPU.Build.0 = Release|Any CPU
		{E0FD5119-022A-4C84-B731-8B1B3D7FA720}.Debug|Any CPU.ActiveCfg = Debug|Any CPU
		{E0FD5119-022A-4C84-B731-8B1B3D7FA720}.Debug|Any CPU.Build.0 = Debug|Any CPU
		{E0FD5119-022A-4C84-B731-8B1B3D7FA720}.Release|Any CPU.ActiveCfg = Release|Any CPU
		{E0FD5119-022A-4C84-B731-8B1B3D7FA720}.Release|Any CPU.Build.0 = Release|Any CPU
		{339613D5-5E63-4E99-9DA2-D2F841BAB4C3}.Debug|Any CPU.ActiveCfg = Debug|Any CPU
		{339613D5-5E63-4E99-9DA2-D2F841BAB4C3}.Debug|Any CPU.Build.0 = Debug|Any CPU
		{339613D5-5E63-4E99-9DA2-D2F841BAB4C3}.Release|Any CPU.ActiveCfg = Release|Any CPU
		{339613D5-5E63-4E99-9DA2-D2F841BAB4C3}.Release|Any CPU.Build.0 = Release|Any CPU
	EndGlobalSection
	GlobalSection(SolutionProperties) = preSolution
		HideSolutionNode = FALSE
	EndGlobalSection
EndGlobal
